
Microsoft Visual Studio Solution File, Format Version 12.00
# Visual Studio Version 16
VisualStudioVersion = 16.0.31624.102
MinimumVisualStudioVersion = 10.0.40219.1
Project("{FAE04EC0-301F-11D3-BF4B-00C04F79EFBC}") = "数据库大作业图书管理系统", "数据库大作业图书管理系统\数据库大作业图书管理系统.csproj", "{DB572B3E-BBE6-405E-B115-BFAA6B96E028}"
EndProject
Global
	GlobalSection(SolutionConfigurationPlatforms) = preSolution
		Debug|Any CPU = Debug|Any CPU
		Release|Any CPU = Release|Any CPU
	EndGlobalSection
	GlobalSection(ProjectConfigurationPlatforms) = postSolution
		{DB572B3E-BBE6-405E-B115-BFAA6B96E028}.Debug|Any CPU.ActiveCfg = Debug|Any CPU
		{DB572B3E-BBE6-405E-B115-BFAA6B96E028}.Debug|Any CPU.Build.0 = Debug|Any CPU
		{DB572B3E-BBE6-405E-B115-BFAA6B96E028}.Release|Any CPU.ActiveCfg = Release|Any CPU
		{DB572B3E-BBE6-405E-B115-BFAA6B96E028}.Release|Any CPU.Build.0 = Release|Any CPU
	EndGlobalSection
	GlobalSection(SolutionProperties) = preSolution
		HideSolutionNode = FALSE
	EndGlobalSection
	GlobalSection(ExtensibilityGlobals) = postSolution
		SolutionGuid = {520B27A5-A03E-41E0-9B60-41032AE8D6E6}
	EndGlobalSection
EndGlobal
